
Microsoft Visual Studio Solution File, Format Version 12.00
# Visual Studio Version 17
VisualStudioVersion = 17.2.32616.157
MinimumVisualStudioVersion = 10.0.40219.1
Project("{FAE04EC0-301F-11D3-BF4B-00C04F79EFBC}") = "OtomatMakineUygulamasi", "OtomatMakineUygulamasi\OtomatMakineUygulamasi.csproj", "{04374493-26E9-4B24-A32C-3932A221ABEE}"
EndProject
Global
	GlobalSection(SolutionConfigurationPlatforms) = preSolution
		Debug|Any CPU = Debug|Any CPU
		Release|Any CPU = Release|Any CPU
	EndGlobalSection
	GlobalSection(ProjectConfigurationPlatforms) = postSolution
		{04374493-26E9-4B24-A32C-3932A221ABEE}.Debug|Any CPU.ActiveCfg = Debug|Any CPU
		{04374493-26E9-4B24-A32C-3932A221ABEE}.Debug|Any CPU.Build.0 = Debug|Any CPU
		{04374493-26E9-4B24-A32C-3932A221ABEE}.Release|Any CPU.ActiveCfg = Release|Any CPU
		{04374493-26E9-4B24-A32C-3932A221ABEE}.Release|Any CPU.Build.0 = Release|Any CPU
	EndGlobalSection
	GlobalSection(SolutionProperties) = preSolution
		HideSolutionNode = FALSE
	EndGlobalSection
	GlobalSection(ExtensibilityGlobals) = postSolution
		SolutionGuid = {067FB2B6-07AD-4FEA-8E1D-B21A70E9C3A2}
	EndGlobalSection
EndGlobal
